
Microsoft Visual Studio Solution File, Format Version 12.00
# Visual Studio Version 16
VisualStudioVersion = 16.0.31702.278
MinimumVisualStudioVersion = 10.0.40219.1
Project("{FAE04EC0-301F-11D3-BF4B-00C04F79EFBC}") = "Day2Exercise", "Day2Exercise\Day2Exercise.csproj", "{938998DA-F791-471C-8B34-D8BEC4C2C849}"
EndProject
Global
	GlobalSection(SolutionConfigurationPlatforms) = preSolution
		Debug|Any CPU = Debug|Any CPU
		Release|Any CPU = Release|Any CPU
	EndGlobalSection
	GlobalSection(ProjectConfigurationPlatforms) = postSolution
		{938998DA-F791-471C-8B34-D8BEC4C2C849}.Debug|Any CPU.ActiveCfg = Debug|Any CPU
		{938998DA-F791-471C-8B34-D8BEC4C2C849}.Debug|Any CPU.Build.0 = Debug|Any CPU
		{938998DA-F791-471C-8B34-D8BEC4C2C849}.Release|Any CPU.ActiveCfg = Release|Any CPU
		{938998DA-F791-471C-8B34-D8BEC4C2C849}.Release|Any CPU.Build.0 = Release|Any CPU
	EndGlobalSection
	GlobalSection(SolutionProperties) = preSolution
		HideSolutionNode = FALSE
	EndGlobalSection
	GlobalSection(ExtensibilityGlobals) = postSolution
		SolutionGuid = {2466857A-2AA1-43F0-A32A-901B0E7E55AC}
	EndGlobalSection
EndGlobal
